
Microsoft Visual Studio Solution File, Format Version 12.00
# Visual Studio Version 16
VisualStudioVersion = 16.0.29215.179
MinimumVisualStudioVersion = 10.0.40219.1
Project("{8BC9CEB8-8B4A-11D0-8D11-00A0C91BC942}") = "AGC038-B", "AGC038-B\AGC038-B.vcxproj", "{EA87DC3E-17E6-40A9-870D-61F66FFA476B}"
EndProject
Project("{8BC9CEB8-8B4A-11D0-8D11-00A0C91BC942}") = "ABC142", "ABC142\ABC142.vcxproj", "{BBDBE965-1D4C-4E6A-A648-C580DDDF872C}"
EndProject
Project("{8BC9CEB8-8B4A-11D0-8D11-00A0C91BC942}") = "ABC141", "ABC141\ABC141.vcxproj", "{7E6F3D12-0DA6-4744-8207-BE7BD8AC14D8}"
EndProject
Project("{8BC9CEB8-8B4A-11D0-8D11-00A0C91BC942}") = "ABC140", "ABC140\ABC140.vcxproj", "{80BC249A-68E0-40AA-B0BC-A1CD68255E7D}"
EndProject
Project("{8BC9CEB8-8B4A-11D0-8D11-00A0C91BC942}") = "ABC139", "ABC139\ABC139.vcxproj", "{109B85CE-EDA2-476A-AC22-A5A8932A7F1A}"
EndProject
Project("{8BC9CEB8-8B4A-11D0-8D11-00A0C91BC942}") = "ABC138", "ABC138\ABC138.vcxproj", "{E64E709D-9C18-4B48-AEF3-441BFA1C4F5A}"
EndProject
Project("{8BC9CEB8-8B4A-11D0-8D11-00A0C91BC942}") = "ABC143", "ABC143\ABC143.vcxproj", "{5CDB0FC0-B4FE-4E1C-9A31-40CA98D4A725}"
EndProject
Project("{8BC9CEB8-8B4A-11D0-8D11-00A0C91BC942}") = "ABC145", "ABC145\ABC145.vcxproj", "{9C72252C-28AF-47EB-959B-454909ACF936}"
EndProject
Global
	GlobalSection(SolutionConfigurationPlatforms) = preSolution
		Debug|x64 = Debug|x64
		Debug|x86 = Debug|x86
		Release|x64 = Release|x64
		Release|x86 = Release|x86
	EndGlobalSection
	GlobalSection(ProjectConfigurationPlatforms) = postSolution
		{EA87DC3E-17E6-40A9-870D-61F66FFA476B}.Debug|x64.ActiveCfg = Debug|x64
		{EA87DC3E-17E6-40A9-870D-61F66FFA476B}.Debug|x64.Build.0 = Debug|x64
		{EA87DC3E-17E6-40A9-870D-61F66FFA476B}.Debug|x86.ActiveCfg = Debug|Win32
		{EA87DC3E-17E6-40A9-870D-61F66FFA476B}.Debug|x86.Build.0 = Debug|Win32
		{EA87DC3E-17E6-40A9-870D-61F66FFA476B}.Release|x64.ActiveCfg = Release|x64
		{EA87DC3E-17E6-40A9-870D-61F66FFA476B}.Release|x64.Build.0 = Release|x64
		{EA87DC3E-17E6-40A9-870D-61F66FFA476B}.Release|x86.ActiveCfg = Release|Win32
		{EA87DC3E-17E6-40A9-870D-61F66FFA476B}.Release|x86.Build.0 = Release|Win32
		{BBDBE965-1D4C-4E6A-A648-C580DDDF872C}.Debug|x64.ActiveCfg = Debug|x64
		{BBDBE965-1D4C-4E6A-A648-C580DDDF872C}.Debug|x64.Build.0 = Debug|x64
		{BBDBE965-1D4C-4E6A-A648-C580DDDF872C}.Debug|x86.ActiveCfg = Debug|Win32
		{BBDBE965-1D4C-4E6A-A648-C580DDDF872C}.Debug|x86.Build.0 = Debug|Win32
		{BBDBE965-1D4C-4E6A-A648-C580DDDF872C}.Release|x64.ActiveCfg = Release|x64
		{BBDBE965-1D4C-4E6A-A648-C580DDDF872C}.Release|x64.Build.0 = Release|x64
		{BBDBE965-1D4C-4E6A-A648-C580DDDF872C}.Release|x86.ActiveCfg = Release|Win32
		{BBDBE965-1D4C-4E6A-A648-C580DDDF872C}.Release|x86.Build.0 = Release|Win32
		{7E6F3D12-0DA6-4744-8207-BE7BD8AC14D8}.Debug|x64.ActiveCfg = Debug|x64
		{7E6F3D12-0DA6-4744-8207-BE7BD8AC14D8}.Debug|x64.Build.0 = Debug|x64
		{7E6F3D12-0DA6-4744-8207-BE7BD8AC14D8}.Debug|x86.ActiveCfg = Debug|Win32
		{7E6F3D12-0DA6-4744-8207-BE7BD8AC14D8}.Debug|x86.Build.0 = Debug|Win32
		{7E6F3D12-0DA6-4744-8207-BE7BD8AC14D8}.Release|x64.ActiveCfg = Release|x64
		{7E6F3D12-0DA6-4744-8207-BE7BD8AC14D8}.Release|x64.Build.0 = Release|x64
		{7E6F3D12-0DA6-4744-8207-BE7BD8AC14D8}.Release|x86.ActiveCfg = Release|Win32
		{7E6F3D12-0DA6-4744-8207-BE7BD8AC14D8}.Release|x86.Build.0 = Release|Win32
		{80BC249A-68E0-40AA-B0BC-A1CD68255E7D}.Debug|x64.ActiveCfg = Debug|x64
		{80BC249A-68E0-40AA-B0BC-A1CD68255E7D}.Debug|x64.Build.0 = Debug|x64
		{80BC249A-68E0-40AA-B0BC-A1CD68255E7D}.Debug|x86.ActiveCfg = Debug|Win32
		{80BC249A-68E0-40AA-B0BC-A1CD68255E7D}.Debug|x86.Build.0 = Debug|Win32
		{80BC249A-68E0-40AA-B0BC-A1CD68255E7D}.Release|x64.ActiveCfg = Release|x64
		{80BC249A-68E0-40AA-B0BC-A1CD68255E7D}.Release|x64.Build.0 = Release|x64
		{80BC249A-68E0-40AA-B0BC-A1CD68255E7D}.Release|x86.ActiveCfg = Release|Win32
		{80BC249A-68E0-40AA-B0BC-A1CD68255E7D}.Release|x86.Build.0 = Release|Win32
		{109B85CE-EDA2-476A-AC22-A5A8932A7F1A}.Debug|x64.ActiveCfg = Debug|x64
		{109B85CE-EDA2-476A-AC22-A5A8932A7F1A}.Debug|x64.Build.0 = Debug|x64
		{109B85CE-EDA2-476A-AC22-A5A8932A7F1A}.Debug|x86.ActiveCfg = Debug|Win32
		{109B85CE-EDA2-476A-AC22-A5A8932A7F1A}.Debug|x86.Build.0 = Debug|Win32
		{109B85CE-EDA2-476A-AC22-A5A8932A7F1A}.Release|x64.ActiveCfg = Release|x64
		{109B85CE-EDA2-476A-AC22-A5A8932A7F1A}.Release|x64.Build.0 = Release|x64
		{109B85CE-EDA2-476A-AC22-A5A8932A7F1A}.Release|x86.ActiveCfg = Release|Win32
		{109B85CE-EDA2-476A-AC22-A5A8932A7F1A}.Release|x86.Build.0 = Release|Win32
		{E64E709D-9C18-4B48-AEF3-441BFA1C4F5A}.Debug|x64.ActiveCfg = Debug|x64
		{E64E709D-9C18-4B48-AEF3-441BFA1C4F5A}.Debug|x64.Build.0 = Debug|x64
		{E64E709D-9C18-4B48-AEF3-441BFA1C4F5A}.Debug|x86.ActiveCfg = Debug|Win32
		{E64E709D-9C18-4B48-AEF3-441BFA1C4F5A}.Debug|x86.Build.0 = Debug|Win32
		{E64E709D-9C18-4B48-AEF3-441BFA1C4F5A}.Release|x64.ActiveCfg = Release|x64
		{E64E709D-9C18-4B48-AEF3-441BFA1C4F5A}.Release|x64.Build.0 = Release|x64
		{E64E709D-9C18-4B48-AEF3-441BFA1C4F5A}.Release|x86.ActiveCfg = Release|Win32
		{E64E709D-9C18-4B48-AEF3-441BFA1C4F5A}.Release|x86.Build.0 = Release|Win32
		{5CDB0FC0-B4FE-4E1C-9A31-40CA98D4A725}.Debug|x64.ActiveCfg = Debug|x64
		{5CDB0FC0-B4FE-4E1C-9A31-40CA98D4A725}.Debug|x64.Build.0 = Debug|x64
		{5CDB0FC0-B4FE-4E1C-9A31-40CA98D4A725}.Debug|x86.ActiveCfg = Debug|Win32
		{5CDB0FC0-B4FE-4E1C-9A31-40CA98D4A725}.Debug|x86.Build.0 = Debug|Win32
		{5CDB0FC0-B4FE-4E1C-9A31-40CA98D4A725}.Release|x64.ActiveCfg = Release|x64
		{5CDB0FC0-B4FE-4E1C-9A31-40CA98D4A725}.Release|x64.Build.0 = Release|x64
		{5CDB0FC0-B4FE-4E1C-9A31-40CA98D4A725}.Release|x86.ActiveCfg = Release|Win32
		{5CDB0FC0-B4FE-4E1C-9A31-40CA98D4A725}.Release|x86.Build.0 = Release|Win32
		{9C72252C-28AF-47EB-959B-454909ACF936}.Debug|x64.ActiveCfg = Debug|x64
		{9C72252C-28AF-47EB-959B-454909ACF936}.Debug|x64.Build.0 = Debug|x64
		{9C72252C-28AF-47EB-959B-454909ACF936}.Debug|x86.ActiveCfg = Debug|Win32
		{9C72252C-28AF-47EB-959B-454909ACF936}.Debug|x86.Build.0 = Debug|Win32
		{9C72252C-28AF-47EB-959B-454909ACF936}.Release|x64.ActiveCfg = Release|x64
		{9C72252C-28AF-47EB-959B-454909ACF936}.Release|x64.Build.0 = Release|x64
		{9C72252C-28AF-47EB-959B-454909ACF936}.Release|x86.ActiveCfg = Release|Win32
		{9C72252C-28AF-47EB-959B-454909ACF936}.Release|x86.Build.0 = Release|Win32
	EndGlobalSection
	GlobalSection(SolutionProperties) = preSolution
		HideSolutionNode = FALSE
	EndGlobalSection
	GlobalSection(ExtensibilityGlobals) = postSolution
		SolutionGuid = {A01BED17-15AC-4896-8507-FA6B5194CBD4}
	EndGlobalSection
EndGlobal
